
Microsoft Visual Studio Solution File, Format Version 12.00
# Visual Studio Version 17
VisualStudioVersion = 17.0.31717.71
MinimumVisualStudioVersion = 10.0.40219.1
Project("{DAB479FB-3136-44F1-AD08-4081068046AD}") = "MariageMudblazor.Server", "Server\MariageMudblazor.Server.csproj", "{D9EE1307-3398-4178-833A-B5A35D30ADA6}"
EndProject
Project("{DAB479FB-3136-44F1-AD08-4081068046AD}") = "MariageMudblazor.Client", "Client\MariageMudblazor.Client.csproj", "{2BAF71C9-1FDB-401B-B94A-1D863D2569F5}"
EndProject
Project("{DAB479FB-3136-44F1-AD08-4081068046AD}") = "MariageMudblazor.Shared", "Shared\MariageMudblazor.Shared.csproj", "{42B7179E-5B43-46BF-BA5A-41408677E6F3}"
EndProject
Global
	GlobalSection(SolutionConfigurationPlatforms) = preSolution
		Debug|Any CPU = Debug|Any CPU
		Release|Any CPU = Release|Any CPU
	EndGlobalSection
	GlobalSection(ProjectConfigurationPlatforms) = postSolution
		{D9EE1307-3398-4178-833A-B5A35D30ADA6}.Debug|Any CPU.ActiveCfg = Debug|Any CPU
		{D9EE1307-3398-4178-833A-B5A35D30ADA6}.Debug|Any CPU.Build.0 = Debug|Any CPU
		{D9EE1307-3398-4178-833A-B5A35D30ADA6}.Release|Any CPU.ActiveCfg = Release|Any CPU
		{D9EE1307-3398-4178-833A-B5A35D30ADA6}.Release|Any CPU.Build.0 = Release|Any CPU
		{2BAF71C9-1FDB-401B-B94A-1D863D2569F5}.Debug|Any CPU.ActiveCfg = Debug|Any CPU
		{2BAF71C9-1FDB-401B-B94A-1D863D2569F5}.Debug|Any CPU.Build.0 = Debug|Any CPU
		{2BAF71C9-1FDB-401B-B94A-1D863D2569F5}.Release|Any CPU.ActiveCfg = Release|Any CPU
		{2BAF71C9-1FDB-401B-B94A-1D863D2569F5}.Release|Any CPU.Build.0 = Release|Any CPU
		{42B7179E-5B43-46BF-BA5A-41408677E6F3}.Debug|Any CPU.ActiveCfg = Debug|Any CPU
		{42B7179E-5B43-46BF-BA5A-41408677E6F3}.Debug|Any CPU.Build.0 = Debug|Any CPU
		{42B7179E-5B43-46BF-BA5A-41408677E6F3}.Release|Any CPU.ActiveCfg = Release|Any CPU
		{42B7179E-5B43-46BF-BA5A-41408677E6F3}.Release|Any CPU.Build.0 = Release|Any CPU
	EndGlobalSection
	GlobalSection(SolutionProperties) = preSolution
		HideSolutionNode = FALSE
	EndGlobalSection
	GlobalSection(ExtensibilityGlobals) = postSolution
		SolutionGuid = {97EFBBF9-1448-456C-96DF-3E3050DAE4AB}
	EndGlobalSection
EndGlobal